# THIS IS AN AUTOGENERATED FILE. DO NOT EDIT THIS FILE DIRECTLY.
# yarn lockfile v1


"@nomiclabs/hardhat-ethers@^2.0.6":
  version "2.0.6"
  resolved "https://registry.yarnpkg.com/@nomiclabs/hardhat-ethers/-/hardhat-ethers-2.0.6.tgz#1c695263d5b46a375dcda48c248c4fba9dfe2fc2"
  integrity sha512-q2Cjp20IB48rEn2NPjR1qxsIQBvFVYW9rFRCFq+bC4RUrn1Ljz3g4wM8uSlgIBZYBi2JMXxmOzFqHraczxq4Ng==

all@^0.0.0:
  version "0.0.0"
  resolved "https://registry.yarnpkg.com/all/-/all-0.0.0.tgz#fb2aa75d4759d40e39ecbb118fabf0cc11ff554f"
  integrity sha512-0oKlfNVv2d+d7c1gwjGspzgbwot47PGQ4b3v1ccx4mR8l9P/Y6E6Dr/yE8lNT63EcAKEbHo6UG3odDpC/NQcKw==
